// !$*UTF8*$!
{
	archiveVersion = 1;
	classes = {
	};
	objectVersion = 50;
	objects = {

/* Begin PBXBuildFile section */
		242FB84221C0447B00931945 /* AppDelegate.swift in Sources */ = {isa = PBXBuildFile; fileRef = 242FB84121C0447B00931945 /* AppDelegate.swift */; };
		242FB84421C0447B00931945 /* TodoItemsController.swift in Sources */ = {isa = PBXBuildFile; fileRef = 242FB84321C0447B00931945 /* TodoItemsController.swift */; };
		242FB84721C0447B00931945 /* Main.storyboard in Resources */ = {isa = PBXBuildFile; fileRef = 242FB84521C0447B00931945 /* Main.storyboard */; };
		242FB84921C0447D00931945 /* Assets.xcassets in Resources */ = {isa = PBXBuildFile; fileRef = 242FB84821C0447D00931945 /* Assets.xcassets */; };
		242FB84C21C0447D00931945 /* LaunchScreen.storyboard in Resources */ = {isa = PBXBuildFile; fileRef = 242FB84A21C0447D00931945 /* LaunchScreen.storyboard */; };
		CE84D6BF21F8CF40000C9D89 /* DisplayMessage.swift in Sources */ = {isa = PBXBuildFile; fileRef = CE84D6BE21F8CF40000C9D89 /* DisplayMessage.swift */; };
		CE84D6C321F8FBAF000C9D89 /* EditTodoController.swift in Sources */ = {isa = PBXBuildFile; fileRef = CE84D6C221F8FBAF000C9D89 /* EditTodoController.swift */; };
		CE84D6C521F8FCD7000C9D89 /* TodoListViewModel.swift in Sources */ = {isa = PBXBuildFile; fileRef = CE84D6C421F8FCD7000C9D89 /* TodoListViewModel.swift */; };
		CE84D6CC21F95539000C9D89 /* EditTodoDataSource.swift in Sources */ = {isa = PBXBuildFile; fileRef = CE84D6CB21F95539000C9D89 /* EditTodoDataSource.swift */; };
		CE84D6CE21F95985000C9D89 /* EditTodoCell.swift in Sources */ = {isa = PBXBuildFile; fileRef = CE84D6CD21F95985000C9D89 /* EditTodoCell.swift */; };
		CE8C9AD521FA62DC002947EE /* CellDetail.swift in Sources */ = {isa = PBXBuildFile; fileRef = CE8C9AD421FA62DC002947EE /* CellDetail.swift */; };
		CE8C9AD721FA638F002947EE /* CellIndexPath.swift in Sources */ = {isa = PBXBuildFile; fileRef = CE8C9AD621FA638F002947EE /* CellIndexPath.swift */; };
		CE8C9AD921FA67EA002947EE /* TodoItemsController+extension.swift in Sources */ = {isa = PBXBuildFile; fileRef = CE8C9AD821FA67EA002947EE /* TodoItemsController+extension.swift */; };
		CE8C9AE021FB06CE002947EE /* CategoriesController.swift in Sources */ = {isa = PBXBuildFile; fileRef = CE8C9ADF21FB06CE002947EE /* CategoriesController.swift */; };
		CE8C9AE221FB0817002947EE /* CategoriesCell.swift in Sources */ = {isa = PBXBuildFile; fileRef = CE8C9AE121FB0817002947EE /* CategoriesCell.swift */; };
		CE8C9AE421FB0C66002947EE /* CategoriesDataSource.swift in Sources */ = {isa = PBXBuildFile; fileRef = CE8C9AE321FB0C66002947EE /* CategoriesDataSource.swift */; };
		CE8C9AE621FB1179002947EE /* CategoriesDelegates.swift in Sources */ = {isa = PBXBuildFile; fileRef = CE8C9AE521FB1179002947EE /* CategoriesDelegates.swift */; };
		CE8C9AEB21FB2782002947EE /* AddCategoryController.swift in Sources */ = {isa = PBXBuildFile; fileRef = CE8C9AEA21FB2782002947EE /* AddCategoryController.swift */; };
		CE8C9AED21FB38D8002947EE /* EditTodoItemDelegates.swift in Sources */ = {isa = PBXBuildFile; fileRef = CE8C9AEC21FB38D8002947EE /* EditTodoItemDelegates.swift */; };
		CE8F24CE21F656050028AC7F /* UIColor+theme.swift in Sources */ = {isa = PBXBuildFile; fileRef = CE8F24CD21F656050028AC7F /* UIColor+theme.swift */; };
		CE8F24D121F65F5B0028AC7F /* AddButton.swift in Sources */ = {isa = PBXBuildFile; fileRef = CE8F24D021F65F5B0028AC7F /* AddButton.swift */; };
		CE8F24D621F662EF0028AC7F /* CoreDataManager.swift in Sources */ = {isa = PBXBuildFile; fileRef = CE8F24D521F662EF0028AC7F /* CoreDataManager.swift */; };
		CE8F24DF21F766250028AC7F /* StoryboardName.swift in Sources */ = {isa = PBXBuildFile; fileRef = CE8F24DE21F766250028AC7F /* StoryboardName.swift */; };
		CE8F24E521F7678B0028AC7F /* TodoItemsControllerDelegate.swift in Sources */ = {isa = PBXBuildFile; fileRef = CE8F24E421F7678B0028AC7F /* TodoItemsControllerDelegate.swift */; };
		CE8F24E721F767CD0028AC7F /* TodoItemsControllerDataSource.swift in Sources */ = {isa = PBXBuildFile; fileRef = CE8F24E621F767CD0028AC7F /* TodoItemsControllerDataSource.swift */; };
		CE8F24E921F76BAD0028AC7F /* TodoListCell.swift in Sources */ = {isa = PBXBuildFile; fileRef = CE8F24E821F76BAD0028AC7F /* TodoListCell.swift */; };
		CE8F24EB21F76C2B0028AC7F /* UITableViewCell+Extension.swift in Sources */ = {isa = PBXBuildFile; fileRef = CE8F24EA21F76C2B0028AC7F /* UITableViewCell+Extension.swift */; };
		CE8F24EE21F771FB0028AC7F /* AddTodoController.swift in Sources */ = {isa = PBXBuildFile; fileRef = CE8F24ED21F771FB0028AC7F /* AddTodoController.swift */; };
		CE8F24F121F772E30028AC7F /* UIViewController+extension.swift in Sources */ = {isa = PBXBuildFile; fileRef = CE8F24F021F772E30028AC7F /* UIViewController+extension.swift */; };
		CE8F24F421F7AB460028AC7F /* CustomTitleCell.swift in Sources */ = {isa = PBXBuildFile; fileRef = CE8F24F321F7AB460028AC7F /* CustomTitleCell.swift */; };
		CE8F24F621F7AB9E0028AC7F /* CustomCell.swift in Sources */ = {isa = PBXBuildFile; fileRef = CE8F24F521F7AB9E0028AC7F /* CustomCell.swift */; };
		CE8F24FB21F7AE7A0028AC7F /* DescriptionVM.swift in Sources */ = {isa = PBXBuildFile; fileRef = CE8F24FA21F7AE7A0028AC7F /* DescriptionVM.swift */; };
		CE8F24FF21F7B37F0028AC7F /* AddTodoDataSource.swift in Sources */ = {isa = PBXBuildFile; fileRef = CE8F24FE21F7B37F0028AC7F /* AddTodoDataSource.swift */; };
		CE8F250321F880740028AC7F /* RepeatController.swift in Sources */ = {isa = PBXBuildFile; fileRef = CE8F250221F880740028AC7F /* RepeatController.swift */; };
		CE8F250521F880B90028AC7F /* AddTodoDelegate.swift in Sources */ = {isa = PBXBuildFile; fileRef = CE8F250421F880B90028AC7F /* AddTodoDelegate.swift */; };
		CE8F250821F8859A0028AC7F /* RepeatCell.swift in Sources */ = {isa = PBXBuildFile; fileRef = CE8F250721F8859A0028AC7F /* RepeatCell.swift */; };
		CE8F250B21F886730028AC7F /* ScheduleEnum.swift in Sources */ = {isa = PBXBuildFile; fileRef = CE8F250A21F886730028AC7F /* ScheduleEnum.swift */; };
		CE8F250F21F888920028AC7F /* RepeatDataSource.swift in Sources */ = {isa = PBXBuildFile; fileRef = CE8F250E21F888920028AC7F /* RepeatDataSource.swift */; };
		CE8F251121F88DA20028AC7F /* RepeatDelegates.swift in Sources */ = {isa = PBXBuildFile; fileRef = CE8F251021F88DA20028AC7F /* RepeatDelegates.swift */; };
/* End PBXBuildFile section */

/* Begin PBXFileReference section */
		242FB83E21C0447B00931945 /* Habbbit.app */ = {isa = PBXFileReference; explicitFileType = wrapper.application; includeInIndex = 0; path = Habbbit.app; sourceTree = BUILT_PRODUCTS_DIR; };
		242FB84121C0447B00931945 /* AppDelegate.swift */ = {isa = PBXFileReference; lastKnownFileType = sourcecode.swift; path = AppDelegate.swift; sourceTree = "<group>"; };
		242FB84321C0447B00931945 /* TodoItemsController.swift */ = {isa = PBXFileReference; lastKnownFileType = sourcecode.swift; path = TodoItemsController.swift; sourceTree = "<group>"; };
		242FB84621C0447B00931945 /* Base */ = {isa = PBXFileReference; lastKnownFileType = file.storyboard; name = Base; path = Base.lproj/Main.storyboard; sourceTree = "<group>"; };
		242FB84821C0447D00931945 /* Assets.xcassets */ = {isa = PBXFileReference; lastKnownFileType = folder.assetcatalog; path = Assets.xcassets; sourceTree = "<group>"; };
		242FB84B21C0447D00931945 /* Base */ = {isa = PBXFileReference; lastKnownFileType = file.storyboard; name = Base; path = Base.lproj/LaunchScreen.storyboard; sourceTree = "<group>"; };
		242FB84D21C0447D00931945 /* Info.plist */ = {isa = PBXFileReference; lastKnownFileType = text.plist.xml; path = Info.plist; sourceTree = "<group>"; };
		CE84D6BE21F8CF40000C9D89 /* DisplayMessage.swift */ = {isa = PBXFileReference; lastKnownFileType = sourcecode.swift; path = DisplayMessage.swift; sourceTree = "<group>"; };
		CE84D6C221F8FBAF000C9D89 /* EditTodoController.swift */ = {isa = PBXFileReference; lastKnownFileType = sourcecode.swift; path = EditTodoController.swift; sourceTree = "<group>"; };
		CE84D6C421F8FCD7000C9D89 /* TodoListViewModel.swift */ = {isa = PBXFileReference; lastKnownFileType = sourcecode.swift; path = TodoListViewModel.swift; sourceTree = "<group>"; };
		CE84D6CB21F95539000C9D89 /* EditTodoDataSource.swift */ = {isa = PBXFileReference; lastKnownFileType = sourcecode.swift; path = EditTodoDataSource.swift; sourceTree = "<group>"; };
		CE84D6CD21F95985000C9D89 /* EditTodoCell.swift */ = {isa = PBXFileReference; lastKnownFileType = sourcecode.swift; path = EditTodoCell.swift; sourceTree = "<group>"; };
		CE8C9AD421FA62DC002947EE /* CellDetail.swift */ = {isa = PBXFileReference; lastKnownFileType = sourcecode.swift; path = CellDetail.swift; sourceTree = "<group>"; };
		CE8C9AD621FA638F002947EE /* CellIndexPath.swift */ = {isa = PBXFileReference; lastKnownFileType = sourcecode.swift; path = CellIndexPath.swift; sourceTree = "<group>"; };
		CE8C9AD821FA67EA002947EE /* TodoItemsController+extension.swift */ = {isa = PBXFileReference; lastKnownFileType = sourcecode.swift; path = "TodoItemsController+extension.swift"; sourceTree = "<group>"; };
		CE8C9ADF21FB06CE002947EE /* CategoriesController.swift */ = {isa = PBXFileReference; lastKnownFileType = sourcecode.swift; path = CategoriesController.swift; sourceTree = "<group>"; };
		CE8C9AE121FB0817002947EE /* CategoriesCell.swift */ = {isa = PBXFileReference; lastKnownFileType = sourcecode.swift; path = CategoriesCell.swift; sourceTree = "<group>"; };
		CE8C9AE321FB0C66002947EE /* CategoriesDataSource.swift */ = {isa = PBXFileReference; lastKnownFileType = sourcecode.swift; path = CategoriesDataSource.swift; sourceTree = "<group>"; };
		CE8C9AE521FB1179002947EE /* CategoriesDelegates.swift */ = {isa = PBXFileReference; lastKnownFileType = sourcecode.swift; path = CategoriesDelegates.swift; sourceTree = "<group>"; };
		CE8C9AEA21FB2782002947EE /* AddCategoryController.swift */ = {isa = PBXFileReference; lastKnownFileType = sourcecode.swift; path = AddCategoryController.swift; sourceTree = "<group>"; };
		CE8C9AEC21FB38D8002947EE /* EditTodoItemDelegates.swift */ = {isa = PBXFileReference; lastKnownFileType = sourcecode.swift; path = EditTodoItemDelegates.swift; sourceTree = "<group>"; };
		CE8F24CD21F656050028AC7F /* UIColor+theme.swift */ = {isa = PBXFileReference; lastKnownFileType = sourcecode.swift; path = "UIColor+theme.swift"; sourceTree = "<group>"; };
		CE8F24D021F65F5B0028AC7F /* AddButton.swift */ = {isa = PBXFileReference; lastKnownFileType = sourcecode.swift; path = AddButton.swift; sourceTree = "<group>"; };
		CE8F24D521F662EF0028AC7F /* CoreDataManager.swift */ = {isa = PBXFileReference; lastKnownFileType = sourcecode.swift; path = CoreDataManager.swift; sourceTree = "<group>"; };
		CE8F24DE21F766250028AC7F /* StoryboardName.swift */ = {isa = PBXFileReference; lastKnownFileType = sourcecode.swift; path = StoryboardName.swift; sourceTree = "<group>"; };
		CE8F24E421F7678B0028AC7F /* TodoItemsControllerDelegate.swift */ = {isa = PBXFileReference; lastKnownFileType = sourcecode.swift; path = TodoItemsControllerDelegate.swift; sourceTree = "<group>"; };
		CE8F24E621F767CD0028AC7F /* TodoItemsControllerDataSource.swift */ = {isa = PBXFileReference; lastKnownFileType = sourcecode.swift; path = TodoItemsControllerDataSource.swift; sourceTree = "<group>"; };
		CE8F24E821F76BAD0028AC7F /* TodoListCell.swift */ = {isa = PBXFileReference; lastKnownFileType = sourcecode.swift; path = TodoListCell.swift; sourceTree = "<group>"; };
		CE8F24EA21F76C2B0028AC7F /* UITableViewCell+Extension.swift */ = {isa = PBXFileReference; lastKnownFileType = sourcecode.swift; path = "UITableViewCell+Extension.swift"; sourceTree = "<group>"; };
		CE8F24ED21F771FB0028AC7F /* AddTodoController.swift */ = {isa = PBXFileReference; lastKnownFileType = sourcecode.swift; path = AddTodoController.swift; sourceTree = "<group>"; };
		CE8F24F021F772E30028AC7F /* UIViewController+extension.swift */ = {isa = PBXFileReference; lastKnownFileType = sourcecode.swift; path = "UIViewController+extension.swift"; sourceTree = "<group>"; };
		CE8F24F321F7AB460028AC7F /* CustomTitleCell.swift */ = {isa = PBXFileReference; lastKnownFileType = sourcecode.swift; path = CustomTitleCell.swift; sourceTree = "<group>"; };
		CE8F24F521F7AB9E0028AC7F /* CustomCell.swift */ = {isa = PBXFileReference; lastKnownFileType = sourcecode.swift; path = CustomCell.swift; sourceTree = "<group>"; };
		CE8F24FA21F7AE7A0028AC7F /* DescriptionVM.swift */ = {isa = PBXFileReference; lastKnownFileType = sourcecode.swift; path = DescriptionVM.swift; sourceTree = "<group>"; };
		CE8F24FE21F7B37F0028AC7F /* AddTodoDataSource.swift */ = {isa = PBXFileReference; lastKnownFileType = sourcecode.swift; path = AddTodoDataSource.swift; sourceTree = "<group>"; };
		CE8F250221F880740028AC7F /* RepeatController.swift */ = {isa = PBXFileReference; lastKnownFileType = sourcecode.swift; path = RepeatController.swift; sourceTree = "<group>"; };
		CE8F250421F880B90028AC7F /* AddTodoDelegate.swift */ = {isa = PBXFileReference; lastKnownFileType = sourcecode.swift; path = AddTodoDelegate.swift; sourceTree = "<group>"; };
		CE8F250721F8859A0028AC7F /* RepeatCell.swift */ = {isa = PBXFileReference; lastKnownFileType = sourcecode.swift; path = RepeatCell.swift; sourceTree = "<group>"; };
		CE8F250A21F886730028AC7F /* ScheduleEnum.swift */ = {isa = PBXFileReference; lastKnownFileType = sourcecode.swift; path = ScheduleEnum.swift; sourceTree = "<group>"; };
		CE8F250E21F888920028AC7F /* RepeatDataSource.swift */ = {isa = PBXFileReference; lastKnownFileType = sourcecode.swift; path = RepeatDataSource.swift; sourceTree = "<group>"; };
		CE8F251021F88DA20028AC7F /* RepeatDelegates.swift */ = {isa = PBXFileReference; lastKnownFileType = sourcecode.swift; path = RepeatDelegates.swift; sourceTree = "<group>"; };
/* End PBXFileReference section */

/* Begin PBXFrameworksBuildPhase section */
		242FB83B21C0447B00931945 /* Frameworks */ = {
			isa = PBXFrameworksBuildPhase;
			buildActionMask = 2147483647;
			files = (
			);
			runOnlyForDeploymentPostprocessing = 0;
		};
/* End PBXFrameworksBuildPhase section */

/* Begin PBXGroup section */
		242FB83521C0447B00931945 = {
			isa = PBXGroup;
			children = (
				242FB85321C0463700931945 /* Resource */,
				242FB85521C0467200931945 /* Source */,
				242FB83F21C0447B00931945 /* Products */,
			);
			sourceTree = "<group>";
		};
		242FB83F21C0447B00931945 /* Products */ = {
			isa = PBXGroup;
			children = (
				242FB83E21C0447B00931945 /* Habbbit.app */,
			);
			name = Products;
			sourceTree = "<group>";
		};
		242FB85321C0463700931945 /* Resource */ = {
			isa = PBXGroup;
			children = (
				242FB84D21C0447D00931945 /* Info.plist */,
				242FB84821C0447D00931945 /* Assets.xcassets */,
			);
			path = Resource;
			sourceTree = "<group>";
		};
		242FB85521C0467200931945 /* Source */ = {
			isa = PBXGroup;
			children = (
				CE8F24DD21F765F40028AC7F /* Common */,
				CE8F24D421F662D60028AC7F /* Core */,
				242FB85621C0468D00931945 /* App */,
			);
			path = Source;
			sourceTree = "<group>";
		};
		242FB85621C0468D00931945 /* App */ = {
			isa = PBXGroup;
			children = (
				CE8F250921F886350028AC7F /* Helper */,
				CE8F24F921F7AE3D0028AC7F /* ViewModel */,
				CE8F24CC21F655EA0028AC7F /* Utilities */,
				242FB85A21C046E500931945 /* Global */,
				242FB85921C046B700931945 /* Other */,
				242FB85821C046AB00931945 /* UI */,
			);
			path = App;
			sourceTree = "<group>";
		};
		242FB85821C046AB00931945 /* UI */ = {
			isa = PBXGroup;
			children = (
				242FB84A21C0447D00931945 /* LaunchScreen.storyboard */,
				242FB84521C0447B00931945 /* Main.storyboard */,
			);
			path = UI;
			sourceTree = "<group>";
		};
		242FB85921C046B700931945 /* Other */ = {
			isa = PBXGroup;
			children = (
				CE8C9AE721FB2730002947EE /* AddCategory */,
				CE8C9ADA21FB066F002947EE /* Categories */,
				CE84D6C021F8FB62000C9D89 /* EditTodoItem */,
				CE8F250021F880420028AC7F /* Repeat */,
				CE8F24EC21F771C90028AC7F /* AddTodo */,
				CE8F24E021F767060028AC7F /* TodoItems */,
			);
			path = Other;
			sourceTree = "<group>";
		};
		242FB85A21C046E500931945 /* Global */ = {
			isa = PBXGroup;
			children = (
				242FB84121C0447B00931945 /* AppDelegate.swift */,
			);
			path = Global;
			sourceTree = "<group>";
		};
		CE84D6C021F8FB62000C9D89 /* EditTodoItem */ = {
			isa = PBXGroup;
			children = (
				CE84D6CA21F954B7000C9D89 /* DataSource */,
				CE84D6C921F954AD000C9D89 /* Delegates */,
				CE84D6C621F9543D000C9D89 /* Views */,
				CE84D6C121F8FB85000C9D89 /* Controller */,
			);
			path = EditTodoItem;
			sourceTree = "<group>";
		};
		CE84D6C121F8FB85000C9D89 /* Controller */ = {
			isa = PBXGroup;
			children = (
				CE84D6C221F8FBAF000C9D89 /* EditTodoController.swift */,
			);
			path = Controller;
			sourceTree = "<group>";
		};
		CE84D6C621F9543D000C9D89 /* Views */ = {
			isa = PBXGroup;
			children = (
				CE84D6CD21F95985000C9D89 /* EditTodoCell.swift */,
			);
			path = Views;
			sourceTree = "<group>";
		};
		CE84D6C921F954AD000C9D89 /* Delegates */ = {
			isa = PBXGroup;
			children = (
				CE8C9AEC21FB38D8002947EE /* EditTodoItemDelegates.swift */,
			);
			path = Delegates;
			sourceTree = "<group>";
		};
		CE84D6CA21F954B7000C9D89 /* DataSource */ = {
			isa = PBXGroup;
			children = (
				CE84D6CB21F95539000C9D89 /* EditTodoDataSource.swift */,
			);
			path = DataSource;
			sourceTree = "<group>";
		};
		CE8C9ADA21FB066F002947EE /* Categories */ = {
			isa = PBXGroup;
			children = (
				CE8C9ADE21FB06A8002947EE /* Views */,
				CE8C9ADD21FB0697002947EE /* DataSource */,
				CE8C9ADC21FB068D002947EE /* Delegates */,
				CE8C9ADB21FB067A002947EE /* ViewController */,
			);
			path = Categories;
			sourceTree = "<group>";
		};
		CE8C9ADB21FB067A002947EE /* ViewController */ = {
			isa = PBXGroup;
			children = (
				CE8C9ADF21FB06CE002947EE /* CategoriesController.swift */,
			);
			path = ViewController;
			sourceTree = "<group>";
		};
		CE8C9ADC21FB068D002947EE /* Delegates */ = {
			isa = PBXGroup;
			children = (
				CE8C9AE521FB1179002947EE /* CategoriesDelegates.swift */,
			);
			path = Delegates;
			sourceTree = "<group>";
		};
		CE8C9ADD21FB0697002947EE /* DataSource */ = {
			isa = PBXGroup;
			children = (
				CE8C9AE321FB0C66002947EE /* CategoriesDataSource.swift */,
			);
			path = DataSource;
			sourceTree = "<group>";
		};
		CE8C9ADE21FB06A8002947EE /* Views */ = {
			isa = PBXGroup;
			children = (
				CE8C9AE121FB0817002947EE /* CategoriesCell.swift */,
			);
			path = Views;
			sourceTree = "<group>";
		};
		CE8C9AE721FB2730002947EE /* AddCategory */ = {
			isa = PBXGroup;
			children = (
				CE8C9AE821FB273C002947EE /* ViewController */,
			);
			path = AddCategory;
			sourceTree = "<group>";
		};
		CE8C9AE821FB273C002947EE /* ViewController */ = {
			isa = PBXGroup;
			children = (
				CE8C9AEA21FB2782002947EE /* AddCategoryController.swift */,
			);
			path = ViewController;
			sourceTree = "<group>";
		};
		CE8F24CC21F655EA0028AC7F /* Utilities */ = {
			isa = PBXGroup;
			children = (
				CE8F24CD21F656050028AC7F /* UIColor+theme.swift */,
				CE8F24F021F772E30028AC7F /* UIViewController+extension.swift */,
				CE8F24EA21F76C2B0028AC7F /* UITableViewCell+Extension.swift */,
			);
			path = Utilities;
			sourceTree = "<group>";
		};
		CE8F24CF21F65F2D0028AC7F /* Views */ = {
			isa = PBXGroup;
			children = (
				CE8F24D021F65F5B0028AC7F /* AddButton.swift */,
				CE8F24E821F76BAD0028AC7F /* TodoListCell.swift */,
				CE84D6BE21F8CF40000C9D89 /* DisplayMessage.swift */,
			);
			path = Views;
			sourceTree = "<group>";
		};
		CE8F24D421F662D60028AC7F /* Core */ = {
			isa = PBXGroup;
			children = (
				CE8F24D521F662EF0028AC7F /* CoreDataManager.swift */,
			);
			path = Core;
			sourceTree = "<group>";
		};
		CE8F24DD21F765F40028AC7F /* Common */ = {
			isa = PBXGroup;
			children = (
				CE8F24DE21F766250028AC7F /* StoryboardName.swift */,
			);
			path = Common;
			sourceTree = "<group>";
		};
		CE8F24E021F767060028AC7F /* TodoItems */ = {
			isa = PBXGroup;
			children = (
				CE8F24E321F767680028AC7F /* DataSource */,
				CE8F24E221F7675C0028AC7F /* Delegates */,
				CE8F24E121F7674E0028AC7F /* Controller */,
				CE8F24CF21F65F2D0028AC7F /* Views */,
				CE8C9AD821FA67EA002947EE /* TodoItemsController+extension.swift */,
			);
			path = TodoItems;
			sourceTree = "<group>";
		};
		CE8F24E121F7674E0028AC7F /* Controller */ = {
			isa = PBXGroup;
			children = (
				242FB84321C0447B00931945 /* TodoItemsController.swift */,
			);
			path = Controller;
			sourceTree = "<group>";
		};
		CE8F24E221F7675C0028AC7F /* Delegates */ = {
			isa = PBXGroup;
			children = (
				CE8F24E421F7678B0028AC7F /* TodoItemsControllerDelegate.swift */,
			);
			path = Delegates;
			sourceTree = "<group>";
		};
		CE8F24E321F767680028AC7F /* DataSource */ = {
			isa = PBXGroup;
			children = (
				CE8F24E621F767CD0028AC7F /* TodoItemsControllerDataSource.swift */,
			);
			path = DataSource;
			sourceTree = "<group>";
		};
		CE8F24EC21F771C90028AC7F /* AddTodo */ = {
			isa = PBXGroup;
			children = (
				CE8F24FD21F7B3520028AC7F /* DataSource */,
				CE8F24FC21F7B3470028AC7F /* Delegates */,
				CE8F24F221F7AA870028AC7F /* Views */,
				CE8F24EF21F772030028AC7F /* Controller */,
			);
			path = AddTodo;
			sourceTree = "<group>";
		};
		CE8F24EF21F772030028AC7F /* Controller */ = {
			isa = PBXGroup;
			children = (
				CE8F24ED21F771FB0028AC7F /* AddTodoController.swift */,
			);
			path = Controller;
			sourceTree = "<group>";
		};
		CE8F24F221F7AA870028AC7F /* Views */ = {
			isa = PBXGroup;
			children = (
				CE8F24F321F7AB460028AC7F /* CustomTitleCell.swift */,
				CE8F24F521F7AB9E0028AC7F /* CustomCell.swift */,
			);
			path = Views;
			sourceTree = "<group>";
		};
		CE8F24F921F7AE3D0028AC7F /* ViewModel */ = {
			isa = PBXGroup;
			children = (
				CE8F24FA21F7AE7A0028AC7F /* DescriptionVM.swift */,
				CE84D6C421F8FCD7000C9D89 /* TodoListViewModel.swift */,
			);
			path = ViewModel;
			sourceTree = "<group>";
		};
		CE8F24FC21F7B3470028AC7F /* Delegates */ = {
			isa = PBXGroup;
			children = (
				CE8F250421F880B90028AC7F /* AddTodoDelegate.swift */,
			);
			path = Delegates;
			sourceTree = "<group>";
		};
		CE8F24FD21F7B3520028AC7F /* DataSource */ = {
			isa = PBXGroup;
			children = (
				CE8F24FE21F7B37F0028AC7F /* AddTodoDataSource.swift */,
			);
			path = DataSource;
			sourceTree = "<group>";
		};
		CE8F250021F880420028AC7F /* Repeat */ = {
			isa = PBXGroup;
			children = (
				CE8F250D21F887790028AC7F /* DataSource */,
				CE8F250C21F8876F0028AC7F /* Delegates */,
				CE8F250621F885760028AC7F /* Views */,
				CE8F250121F8804C0028AC7F /* Controller */,
			);
			path = Repeat;
			sourceTree = "<group>";
		};
		CE8F250121F8804C0028AC7F /* Controller */ = {
			isa = PBXGroup;
			children = (
				CE8F250221F880740028AC7F /* RepeatController.swift */,
			);
			path = Controller;
			sourceTree = "<group>";
		};
		CE8F250621F885760028AC7F /* Views */ = {
			isa = PBXGroup;
			children = (
				CE8F250721F8859A0028AC7F /* RepeatCell.swift */,
			);
			path = Views;
			sourceTree = "<group>";
		};
		CE8F250921F886350028AC7F /* Helper */ = {
			isa = PBXGroup;
			children = (
				CE8F250A21F886730028AC7F /* ScheduleEnum.swift */,
				CE8C9AD621FA638F002947EE /* CellIndexPath.swift */,
				CE8C9AD421FA62DC002947EE /* CellDetail.swift */,
			);
			path = Helper;
			sourceTree = "<group>";
		};
		CE8F250C21F8876F0028AC7F /* Delegates */ = {
			isa = PBXGroup;
			children = (
				CE8F251021F88DA20028AC7F /* RepeatDelegates.swift */,
			);
			path = Delegates;
			sourceTree = "<group>";
		};
		CE8F250D21F887790028AC7F /* DataSource */ = {
			isa = PBXGroup;
			children = (
				CE8F250E21F888920028AC7F /* RepeatDataSource.swift */,
			);
			path = DataSource;
			sourceTree = "<group>";
		};
/* End PBXGroup section */

/* Begin PBXNativeTarget section */
		242FB83D21C0447B00931945 /* Habbbit */ = {
			isa = PBXNativeTarget;
			buildConfigurationList = 242FB85021C0447D00931945 /* Build configuration list for PBXNativeTarget "Habbbit" */;
			buildPhases = (
				242FB83A21C0447B00931945 /* Sources */,
				242FB83B21C0447B00931945 /* Frameworks */,
				242FB83C21C0447B00931945 /* Resources */,
			);
			buildRules = (
			);
			dependencies = (
			);
			name = Habbbit;
			productName = "Time-Tracker";
			productReference = 242FB83E21C0447B00931945 /* Habbbit.app */;
			productType = "com.apple.product-type.application";
		};
/* End PBXNativeTarget section */

/* Begin PBXProject section */
		242FB83621C0447B00931945 /* Project object */ = {
			isa = PBXProject;
			attributes = {
				LastSwiftUpdateCheck = 1010;
				LastUpgradeCheck = 1010;
				ORGANIZATIONNAME = "Team Sweet Cheeks";
				TargetAttributes = {
					242FB83D21C0447B00931945 = {
						CreatedOnToolsVersion = 10.1;
					};
				};
			};
			buildConfigurationList = 242FB83921C0447B00931945 /* Build configuration list for PBXProject "Habbbit" */;
			compatibilityVersion = "Xcode 9.3";
			developmentRegion = en;
			hasScannedForEncodings = 0;
			knownRegions = (
				en,
				Base,
			);
			mainGroup = 242FB83521C0447B00931945;
			productRefGroup = 242FB83F21C0447B00931945 /* Products */;
			projectDirPath = "";
			projectRoot = "";
			targets = (
				242FB83D21C0447B00931945 /* Habbbit */,
			);
		};
/* End PBXProject section */

/* Begin PBXResourcesBuildPhase section */
		242FB83C21C0447B00931945 /* Resources */ = {
			isa = PBXResourcesBuildPhase;
			buildActionMask = 2147483647;
			files = (
				242FB84C21C0447D00931945 /* LaunchScreen.storyboard in Resources */,
				242FB84921C0447D00931945 /* Assets.xcassets in Resources */,
				242FB84721C0447B00931945 /* Main.storyboard in Resources */,
			);
			runOnlyForDeploymentPostprocessing = 0;
		};
/* End PBXResourcesBuildPhase section */

/* Begin PBXSourcesBuildPhase section */
		242FB83A21C0447B00931945 /* Sources */ = {
			isa = PBXSourcesBuildPhase;
			buildActionMask = 2147483647;
			files = (
				CE84D6CC21F95539000C9D89 /* EditTodoDataSource.swift in Sources */,
				CE8F250521F880B90028AC7F /* AddTodoDelegate.swift in Sources */,
				CE8F251121F88DA20028AC7F /* RepeatDelegates.swift in Sources */,
				CE8F24CE21F656050028AC7F /* UIColor+theme.swift in Sources */,
				CE8C9AE421FB0C66002947EE /* CategoriesDataSource.swift in Sources */,
				CE8F24F421F7AB460028AC7F /* CustomTitleCell.swift in Sources */,
				CE84D6BF21F8CF40000C9D89 /* DisplayMessage.swift in Sources */,
				CE8F24EB21F76C2B0028AC7F /* UITableViewCell+Extension.swift in Sources */,
				CE8F24EE21F771FB0028AC7F /* AddTodoController.swift in Sources */,
				CE8F250321F880740028AC7F /* RepeatController.swift in Sources */,
				242FB84421C0447B00931945 /* TodoItemsController.swift in Sources */,
				CE8C9AED21FB38D8002947EE /* EditTodoItemDelegates.swift in Sources */,
				CE84D6CE21F95985000C9D89 /* EditTodoCell.swift in Sources */,
				242FB84221C0447B00931945 /* AppDelegate.swift in Sources */,
				CE8F24E521F7678B0028AC7F /* TodoItemsControllerDelegate.swift in Sources */,
				CE84D6C321F8FBAF000C9D89 /* EditTodoController.swift in Sources */,
				CE8F250B21F886730028AC7F /* ScheduleEnum.swift in Sources */,
				CE8C9AE621FB1179002947EE /* CategoriesDelegates.swift in Sources */,
				CE8F24E921F76BAD0028AC7F /* TodoListCell.swift in Sources */,
				CE8C9AD921FA67EA002947EE /* TodoItemsController+extension.swift in Sources */,
				CE8F24F621F7AB9E0028AC7F /* CustomCell.swift in Sources */,
				CE8F24DF21F766250028AC7F /* StoryboardName.swift in Sources */,
				CE8F24F121F772E30028AC7F /* UIViewController+extension.swift in Sources */,
				CE8F250821F8859A0028AC7F /* RepeatCell.swift in Sources */,
				CE8C9AE221FB0817002947EE /* CategoriesCell.swift in Sources */,
				CE8F24E721F767CD0028AC7F /* TodoItemsControllerDataSource.swift in Sources */,
				CE8F24FF21F7B37F0028AC7F /* AddTodoDataSource.swift in Sources */,
				CE8C9AD521FA62DC002947EE /* CellDetail.swift in Sources */,
				CE8C9AEB21FB2782002947EE /* AddCategoryController.swift in Sources */,
				CE8F250F21F888920028AC7F /* RepeatDataSource.swift in Sources */,
				CE8F24D621F662EF0028AC7F /* CoreDataManager.swift in Sources */,
				CE8C9AE021FB06CE002947EE /* CategoriesController.swift in Sources */,
				CE8F24FB21F7AE7A0028AC7F /* DescriptionVM.swift in Sources */,
				CE8F24D121F65F5B0028AC7F /* AddButton.swift in Sources */,
				CE84D6C521F8FCD7000C9D89 /* TodoListViewModel.swift in Sources */,
				CE8C9AD721FA638F002947EE /* CellIndexPath.swift in Sources */,
			);
			runOnlyForDeploymentPostprocessing = 0;
		};
/* End PBXSourcesBuildPhase section */

/* Begin PBXVariantGroup section */
		242FB84521C0447B00931945 /* Main.storyboard */ = {
			isa = PBXVariantGroup;
			children = (
				242FB84621C0447B00931945 /* Base */,
			);
			name = Main.storyboard;
			sourceTree = "<group>";
		};
		242FB84A21C0447D00931945 /* LaunchScreen.storyboard */ = {
			isa = PBXVariantGroup;
			children = (
				242FB84B21C0447D00931945 /* Base */,
			);
			name = LaunchScreen.storyboard;
			sourceTree = "<group>";
		};
/* End PBXVariantGroup section */

/* Begin XCBuildConfiguration section */
		242FB84E21C0447D00931945 /* Debug */ = {
			isa = XCBuildConfiguration;
			buildSettings = {
				ALWAYS_SEARCH_USER_PATHS = NO;
				CLANG_ANALYZER_NONNULL = YES;
				CLANG_ANALYZER_NUMBER_OBJECT_CONVERSION = YES_AGGRESSIVE;
				CLANG_CXX_LANGUAGE_STANDARD = "gnu++14";
				CLANG_CXX_LIBRARY = "libc++";
				CLANG_ENABLE_MODULES = YES;
				CLANG_ENABLE_OBJC_ARC = YES;
				CLANG_ENABLE_OBJC_WEAK = YES;
				CLANG_WARN_BLOCK_CAPTURE_AUTORELEASING = YES;
				CLANG_WARN_BOOL_CONVERSION = YES;
				CLANG_WARN_COMMA = YES;
				CLANG_WARN_CONSTANT_CONVERSION = YES;
				CLANG_WARN_DEPRECATED_OBJC_IMPLEMENTATIONS = YES;
				CLANG_WARN_DIRECT_OBJC_ISA_USAGE = YES_ERROR;
				CLANG_WARN_DOCUMENTATION_COMMENTS = YES;
				CLANG_WARN_EMPTY_BODY = YES;
				CLANG_WARN_ENUM_CONVERSION = YES;
				CLANG_WARN_INFINITE_RECURSION = YES;
				CLANG_WARN_INT_CONVERSION = YES;
				CLANG_WARN_NON_LITERAL_NULL_CONVERSION = YES;
				CLANG_WARN_OBJC_IMPLICIT_RETAIN_SELF = YES;
				CLANG_WARN_OBJC_LITERAL_CONVERSION = YES;
				CLANG_WARN_OBJC_ROOT_CLASS = YES_ERROR;
				CLANG_WARN_RANGE_LOOP_ANALYSIS = YES;
				CLANG_WARN_STRICT_PROTOTYPES = YES;
				CLANG_WARN_SUSPICIOUS_MOVE = YES;
				CLANG_WARN_UNGUARDED_AVAILABILITY = YES_AGGRESSIVE;
				CLANG_WARN_UNREACHABLE_CODE = YES;
				CLANG_WARN__DUPLICATE_METHOD_MATCH = YES;
				CODE_SIGN_IDENTITY = "iPhone Developer";
				COPY_PHASE_STRIP = NO;
				DEBUG_INFORMATION_FORMAT = dwarf;
				ENABLE_STRICT_OBJC_MSGSEND = YES;
				ENABLE_TESTABILITY = YES;
				GCC_C_LANGUAGE_STANDARD = gnu11;
				GCC_DYNAMIC_NO_PIC = NO;
				GCC_NO_COMMON_BLOCKS = YES;
				GCC_OPTIMIZATION_LEVEL = 0;
				GCC_PREPROCESSOR_DEFINITIONS = (
					"DEBUG=1",
					"$(inherited)",
				);
				GCC_WARN_64_TO_32_BIT_CONVERSION = YES;
				GCC_WARN_ABOUT_RETURN_TYPE = YES_ERROR;
				GCC_WARN_UNDECLARED_SELECTOR = YES;
				GCC_WARN_UNINITIALIZED_AUTOS = YES_AGGRESSIVE;
				GCC_WARN_UNUSED_FUNCTION = YES;
				GCC_WARN_UNUSED_VARIABLE = YES;
				IPHONEOS_DEPLOYMENT_TARGET = 12.1;
				MTL_ENABLE_DEBUG_INFO = INCLUDE_SOURCE;
				MTL_FAST_MATH = YES;
				ONLY_ACTIVE_ARCH = YES;
				SDKROOT = iphoneos;
				SWIFT_ACTIVE_COMPILATION_CONDITIONS = DEBUG;
				SWIFT_OPTIMIZATION_LEVEL = "-Onone";
			};
			name = Debug;
		};
		242FB84F21C0447D00931945 /* Release */ = {
			isa = XCBuildConfiguration;
			buildSettings = {
				ALWAYS_SEARCH_USER_PATHS = NO;
				CLANG_ANALYZER_NONNULL = YES;
				CLANG_ANALYZER_NUMBER_OBJECT_CONVERSION = YES_AGGRESSIVE;
				CLANG_CXX_LANGUAGE_STANDARD = "gnu++14";
				CLANG_CXX_LIBRARY = "libc++";
				CLANG_ENABLE_MODULES = YES;
				CLANG_ENABLE_OBJC_ARC = YES;
				CLANG_ENABLE_OBJC_WEAK = YES;
				CLANG_WARN_BLOCK_CAPTURE_AUTORELEASING = YES;
				CLANG_WARN_BOOL_CONVERSION = YES;
				CLANG_WARN_COMMA = YES;
				CLANG_WARN_CONSTANT_CONVERSION = YES;
				CLANG_WARN_DEPRECATED_OBJC_IMPLEMENTATIONS = YES;
				CLANG_WARN_DIRECT_OBJC_ISA_USAGE = YES_ERROR;
				CLANG_WARN_DOCUMENTATION_COMMENTS = YES;
				CLANG_WARN_EMPTY_BODY = YES;
				CLANG_WARN_ENUM_CONVERSION = YES;
				CLANG_WARN_INFINITE_RECURSION = YES;
				CLANG_WARN_INT_CONVERSION = YES;
				CLANG_WARN_NON_LITERAL_NULL_CONVERSION = YES;
				CLANG_WARN_OBJC_IMPLICIT_RETAIN_SELF = YES;
				CLANG_WARN_OBJC_LITERAL_CONVERSION = YES;
				CLANG_WARN_OBJC_ROOT_CLASS = YES_ERROR;
				CLANG_WARN_RANGE_LOOP_ANALYSIS = YES;
				CLANG_WARN_STRICT_PROTOTYPES = YES;
				CLANG_WARN_SUSPICIOUS_MOVE = YES;
				CLANG_WARN_UNGUARDED_AVAILABILITY = YES_AGGRESSIVE;
				CLANG_WARN_UNREACHABLE_CODE = YES;
				CLANG_WARN__DUPLICATE_METHOD_MATCH = YES;
				CODE_SIGN_IDENTITY = "iPhone Developer";
				COPY_PHASE_STRIP = NO;
				DEBUG_INFORMATION_FORMAT = "dwarf-with-dsym";
				ENABLE_NS_ASSERTIONS = NO;
				ENABLE_STRICT_OBJC_MSGSEND = YES;
				GCC_C_LANGUAGE_STANDARD = gnu11;
				GCC_NO_COMMON_BLOCKS = YES;
				GCC_WARN_64_TO_32_BIT_CONVERSION = YES;
				GCC_WARN_ABOUT_RETURN_TYPE = YES_ERROR;
				GCC_WARN_UNDECLARED_SELECTOR = YES;
				GCC_WARN_UNINITIALIZED_AUTOS = YES_AGGRESSIVE;
				GCC_WARN_UNUSED_FUNCTION = YES;
				GCC_WARN_UNUSED_VARIABLE = YES;
				IPHONEOS_DEPLOYMENT_TARGET = 12.1;
				MTL_ENABLE_DEBUG_INFO = NO;
				MTL_FAST_MATH = YES;
				SDKROOT = iphoneos;
				SWIFT_COMPILATION_MODE = wholemodule;
				SWIFT_OPTIMIZATION_LEVEL = "-O";
				VALIDATE_PRODUCT = YES;
			};
			name = Release;
		};
		242FB85121C0447D00931945 /* Debug */ = {
			isa = XCBuildConfiguration;
			buildSettings = {
				ASSETCATALOG_COMPILER_APPICON_NAME = AppIcon;
				CODE_SIGN_STYLE = Automatic;
				DEVELOPMENT_TEAM = YT3VFVK232;
				INFOPLIST_FILE = "$(SRCROOT)/Resource/Info.plist";
				LD_RUNPATH_SEARCH_PATHS = (
					"$(inherited)",
					"@executable_path/Frameworks",
				);
				PRODUCT_BUNDLE_IDENTIFIER = "com.teamsweetcheeks.Time-Tracker";
				PRODUCT_NAME = "$(TARGET_NAME)";
				SWIFT_VERSION = 4.2;
				TARGETED_DEVICE_FAMILY = "1,2";
			};
			name = Debug;
		};
		242FB85221C0447D00931945 /* Release */ = {
			isa = XCBuildConfiguration;
			buildSettings = {
				ASSETCATALOG_COMPILER_APPICON_NAME = AppIcon;
				CODE_SIGN_STYLE = Automatic;
				DEVELOPMENT_TEAM = YT3VFVK232;
				INFOPLIST_FILE = "$(SRCROOT)/Resource/Info.plist";
				LD_RUNPATH_SEARCH_PATHS = (
					"$(inherited)",
					"@executable_path/Frameworks",
				);
				PRODUCT_BUNDLE_IDENTIFIER = "com.teamsweetcheeks.Time-Tracker";
				PRODUCT_NAME = "$(TARGET_NAME)";
				SWIFT_VERSION = 4.2;
				TARGETED_DEVICE_FAMILY = "1,2";
			};
			name = Release;
		};
/* End XCBuildConfiguration section */

/* Begin XCConfigurationList section */
		242FB83921C0447B00931945 /* Build configuration list for PBXProject "Habbbit" */ = {
			isa = XCConfigurationList;
			buildConfigurations = (
				242FB84E21C0447D00931945 /* Debug */,
				242FB84F21C0447D00931945 /* Release */,
			);
			defaultConfigurationIsVisible = 0;
			defaultConfigurationName = Release;
		};
		242FB85021C0447D00931945 /* Build configuration list for PBXNativeTarget "Habbbit" */ = {
			isa = XCConfigurationList;
			buildConfigurations = (
				242FB85121C0447D00931945 /* Debug */,
				242FB85221C0447D00931945 /* Release */,
			);
			defaultConfigurationIsVisible = 0;
			defaultConfigurationName = Release;
		};
/* End XCConfigurationList section */
	};
	rootObject = 242FB83621C0447B00931945 /* Project object */;
}
